
Microsoft Visual Studio Solution File, Format Version 12.00
# Visual Studio 15
VisualStudioVersion = 15.0.28307.421
MinimumVisualStudioVersion = 10.0.40219.1
Project("{FAE04EC0-301F-11D3-BF4B-00C04F79EFBC}") = "Server", "Server\Server.csproj", "{53B8B46A-8353-4184-AE92-614C345A3C10}"
EndProject
Project("{FAE04EC0-301F-11D3-BF4B-00C04F79EFBC}") = "Protocal", "Protocal\Protocal.csproj", "{196B2C6D-20DE-4003-8BCE-2F54AB14D0F4}"
EndProject
Global
	GlobalSection(SolutionConfigurationPlatforms) = preSolution
		Debug|Any CPU = Debug|Any CPU
		Release|Any CPU = Release|Any CPU
	EndGlobalSection
	GlobalSection(ProjectConfigurationPlatforms) = postSolution
		{53B8B46A-8353-4184-AE92-614C345A3C10}.Debug|Any CPU.ActiveCfg = Debug|Any CPU
		{53B8B46A-8353-4184-AE92-614C345A3C10}.Debug|Any CPU.Build.0 = Debug|Any CPU
		{53B8B46A-8353-4184-AE92-614C345A3C10}.Release|Any CPU.ActiveCfg = Release|Any CPU
		{53B8B46A-8353-4184-AE92-614C345A3C10}.Release|Any CPU.Build.0 = Release|Any CPU
		{196B2C6D-20DE-4003-8BCE-2F54AB14D0F4}.Debug|Any CPU.ActiveCfg = Debug|Any CPU
		{196B2C6D-20DE-4003-8BCE-2F54AB14D0F4}.Debug|Any CPU.Build.0 = Debug|Any CPU
		{196B2C6D-20DE-4003-8BCE-2F54AB14D0F4}.Release|Any CPU.ActiveCfg = Release|Any CPU
		{196B2C6D-20DE-4003-8BCE-2F54AB14D0F4}.Release|Any CPU.Build.0 = Release|Any CPU
	EndGlobalSection
	GlobalSection(SolutionProperties) = preSolution
		HideSolutionNode = FALSE
	EndGlobalSection
	GlobalSection(ExtensibilityGlobals) = postSolution
		SolutionGuid = {EC1BAF80-5682-44B7-A65F-04C22477D94F}
	EndGlobalSection
EndGlobal
