
Microsoft Visual Studio Solution File, Format Version 12.00
# Visual Studio 15
VisualStudioVersion = 15.0.28307.421
MinimumVisualStudioVersion = 10.0.40219.1
Project("{FAE04EC0-301F-11D3-BF4B-00C04F79EFBC}") = "HotFix", "HotFix.csproj", "{AFF2D9A8-A8B3-406B-A08A-4D72DE8B49D8}"
EndProject
Global
	GlobalSection(SolutionConfigurationPlatforms) = preSolution
		Debug|Any CPU = Debug|Any CPU
		Release|Any CPU = Release|Any CPU
	EndGlobalSection
	GlobalSection(ProjectConfigurationPlatforms) = postSolution
		{AFF2D9A8-A8B3-406B-A08A-4D72DE8B49D8}.Debug|Any CPU.ActiveCfg = Debug|Any CPU
		{AFF2D9A8-A8B3-406B-A08A-4D72DE8B49D8}.Debug|Any CPU.Build.0 = Debug|Any CPU
		{AFF2D9A8-A8B3-406B-A08A-4D72DE8B49D8}.Release|Any CPU.ActiveCfg = Release|Any CPU
		{AFF2D9A8-A8B3-406B-A08A-4D72DE8B49D8}.Release|Any CPU.Build.0 = Release|Any CPU
	EndGlobalSection
	GlobalSection(SolutionProperties) = preSolution
		HideSolutionNode = FALSE
	EndGlobalSection
	GlobalSection(ExtensibilityGlobals) = postSolution
		SolutionGuid = {33BC4E4C-F909-4894-B6F9-DB9EB6EDAE48}
	EndGlobalSection
EndGlobal
