
Microsoft Visual Studio Solution File, Format Version 12.00
# Visual Studio 15
Project("{FAE04EC0-301F-11D3-BF4B-00C04F79EFBC}") = "Base", "Base.csproj", "{7B048F25-A99B-36AB-5FC0-E3422924A85E}"
EndProject
Project("{FAE04EC0-301F-11D3-BF4B-00C04F79EFBC}") = "Test", "Test.csproj", "{B00FAC24-1E9B-F18F-485A-0283E8E1199B}"
EndProject
Project("{FAE04EC0-301F-11D3-BF4B-00C04F79EFBC}") = "Assembly-CSharp", "Assembly-CSharp.csproj", "{B6813DE0-FFD8-8723-DA55-15EB9496F86D}"
EndProject
Project("{FAE04EC0-301F-11D3-BF4B-00C04F79EFBC}") = "Resource", "Resource.csproj", "{6B4140F6-84A9-3D04-EE32-EEB27266E319}"
EndProject
Project("{FAE04EC0-301F-11D3-BF4B-00C04F79EFBC}") = "UIManager", "UIManager.csproj", "{FF8C7C43-4467-8F52-DBDD-BC6B545B2739}"
EndProject
Project("{FAE04EC0-301F-11D3-BF4B-00C04F79EFBC}") = "Assembly-CSharp-Editor", "Assembly-CSharp-Editor.csproj", "{C1DFD32C-4B78-D6F4-68D7-B0CA55B28099}"
EndProject
Global
	GlobalSection(SolutionConfigurationPlatforms) = preSolution
		Debug|Any CPU = Debug|Any CPU
		Release|Any CPU = Release|Any CPU
	EndGlobalSection
	GlobalSection(ProjectConfigurationPlatforms) = postSolution
		{7B048F25-A99B-36AB-5FC0-E3422924A85E}.Debug|Any CPU.ActiveCfg = Debug|Any CPU
		{7B048F25-A99B-36AB-5FC0-E3422924A85E}.Debug|Any CPU.Build.0 = Debug|Any CPU
		{7B048F25-A99B-36AB-5FC0-E3422924A85E}.Release|Any CPU.ActiveCfg = Release|Any CPU
		{7B048F25-A99B-36AB-5FC0-E3422924A85E}.Release|Any CPU.Build.0 = Release|Any CPU
		{B00FAC24-1E9B-F18F-485A-0283E8E1199B}.Debug|Any CPU.ActiveCfg = Debug|Any CPU
		{B00FAC24-1E9B-F18F-485A-0283E8E1199B}.Debug|Any CPU.Build.0 = Debug|Any CPU
		{B00FAC24-1E9B-F18F-485A-0283E8E1199B}.Release|Any CPU.ActiveCfg = Release|Any CPU
		{B00FAC24-1E9B-F18F-485A-0283E8E1199B}.Release|Any CPU.Build.0 = Release|Any CPU
		{B6813DE0-FFD8-8723-DA55-15EB9496F86D}.Debug|Any CPU.ActiveCfg = Debug|Any CPU
		{B6813DE0-FFD8-8723-DA55-15EB9496F86D}.Debug|Any CPU.Build.0 = Debug|Any CPU
		{B6813DE0-FFD8-8723-DA55-15EB9496F86D}.Release|Any CPU.ActiveCfg = Release|Any CPU
		{B6813DE0-FFD8-8723-DA55-15EB9496F86D}.Release|Any CPU.Build.0 = Release|Any CPU
		{6B4140F6-84A9-3D04-EE32-EEB27266E319}.Debug|Any CPU.ActiveCfg = Debug|Any CPU
		{6B4140F6-84A9-3D04-EE32-EEB27266E319}.Debug|Any CPU.Build.0 = Debug|Any CPU
		{6B4140F6-84A9-3D04-EE32-EEB27266E319}.Release|Any CPU.ActiveCfg = Release|Any CPU
		{6B4140F6-84A9-3D04-EE32-EEB27266E319}.Release|Any CPU.Build.0 = Release|Any CPU
		{FF8C7C43-4467-8F52-DBDD-BC6B545B2739}.Debug|Any CPU.ActiveCfg = Debug|Any CPU
		{FF8C7C43-4467-8F52-DBDD-BC6B545B2739}.Debug|Any CPU.Build.0 = Debug|Any CPU
		{FF8C7C43-4467-8F52-DBDD-BC6B545B2739}.Release|Any CPU.ActiveCfg = Release|Any CPU
		{FF8C7C43-4467-8F52-DBDD-BC6B545B2739}.Release|Any CPU.Build.0 = Release|Any CPU
		{C1DFD32C-4B78-D6F4-68D7-B0CA55B28099}.Debug|Any CPU.ActiveCfg = Debug|Any CPU
		{C1DFD32C-4B78-D6F4-68D7-B0CA55B28099}.Debug|Any CPU.Build.0 = Debug|Any CPU
		{C1DFD32C-4B78-D6F4-68D7-B0CA55B28099}.Release|Any CPU.ActiveCfg = Release|Any CPU
		{C1DFD32C-4B78-D6F4-68D7-B0CA55B28099}.Release|Any CPU.Build.0 = Release|Any CPU
	EndGlobalSection
	GlobalSection(SolutionProperties) = preSolution
		HideSolutionNode = FALSE
	EndGlobalSection
EndGlobal
